
Microsoft Visual Studio Solution File, Format Version 12.00
# Visual Studio Version 16
VisualStudioVersion = 16.0.29519.87
MinimumVisualStudioVersion = 10.0.40219.1
Project("{2150E333-8FDC-42A3-9474-1A3956D46DE8}") = "Modules", "Modules", "{83D88243-1F52-42EB-8A53-DE19B8BD1E6E}"
EndProject
Project("{9A19103F-16F7-4668-BE54-9A1E7A4F7556}") = "WebBrowser", "Modules\WebBrowser\WebBrowser.csproj", "{7F052550-FC9C-4DE1-A5CC-80F5D79E2300}"
EndProject
Project("{9A19103F-16F7-4668-BE54-9A1E7A4F7556}") = "Mouse", "Modules\Mouse\Mouse.csproj", "{F7032F7C-180F-468A-AF89-A9158737E2BC}"
EndProject
Project("{9A19103F-16F7-4668-BE54-9A1E7A4F7556}") = "Keyboard", "Modules\Keyboard\Keyboard.csproj", "{84031356-14DC-4DE3-B196-AFA174D8707D}"
EndProject
Project("{9A19103F-16F7-4668-BE54-9A1E7A4F7556}") = "Clipboard", "Modules\Clipboard\Clipboard.csproj", "{90E160BA-1D19-4DDB-906F-A29975D69F82}"
EndProject
Project("{9A19103F-16F7-4668-BE54-9A1E7A4F7556}") = "WindowManagement", "Modules\WindowManagement\WindowManagement.csproj", "{FC895DA7-3C09-4839-B098-6C4F427622C5}"
EndProject
Project("{2150E333-8FDC-42A3-9474-1A3956D46DE8}") = "Core", "Core", "{FF3B36E1-CBBF-4538-9541-4451DB32DE5D}"
EndProject
Project("{9A19103F-16F7-4668-BE54-9A1E7A4F7556}") = "CMD", "Core\CMD\CMD.csproj", "{608A2F2B-A9FD-43CB-BE5B-9755402AC00B}"
EndProject
Project("{9A19103F-16F7-4668-BE54-9A1E7A4F7556}") = "UI", "Core\UI\UI.csproj", "{454778BC-5326-428C-B2DC-D63054E44B51}"
EndProject
Project("{FAE04EC0-301F-11D3-BF4B-00C04F79EFBC}") = "MORR", "Core\MORR\MORR.csproj", "{37E969A0-04B8-444C-9767-45065A2B231A}"
EndProject
Global
	GlobalSection(SolutionConfigurationPlatforms) = preSolution
		Debug|x64 = Debug|x64
		Release|x64 = Release|x64
	EndGlobalSection
	GlobalSection(ProjectConfigurationPlatforms) = postSolution
		{7F052550-FC9C-4DE1-A5CC-80F5D79E2300}.Debug|x64.ActiveCfg = Debug|x64
		{7F052550-FC9C-4DE1-A5CC-80F5D79E2300}.Debug|x64.Build.0 = Debug|x64
		{7F052550-FC9C-4DE1-A5CC-80F5D79E2300}.Release|x64.ActiveCfg = Release|x64
		{7F052550-FC9C-4DE1-A5CC-80F5D79E2300}.Release|x64.Build.0 = Release|x64
		{F7032F7C-180F-468A-AF89-A9158737E2BC}.Debug|x64.ActiveCfg = Debug|x64
		{F7032F7C-180F-468A-AF89-A9158737E2BC}.Debug|x64.Build.0 = Debug|x64
		{F7032F7C-180F-468A-AF89-A9158737E2BC}.Release|x64.ActiveCfg = Release|x64
		{F7032F7C-180F-468A-AF89-A9158737E2BC}.Release|x64.Build.0 = Release|x64
		{84031356-14DC-4DE3-B196-AFA174D8707D}.Debug|x64.ActiveCfg = Debug|x64
		{84031356-14DC-4DE3-B196-AFA174D8707D}.Debug|x64.Build.0 = Debug|x64
		{84031356-14DC-4DE3-B196-AFA174D8707D}.Release|x64.ActiveCfg = Release|x64
		{84031356-14DC-4DE3-B196-AFA174D8707D}.Release|x64.Build.0 = Release|x64
		{90E160BA-1D19-4DDB-906F-A29975D69F82}.Debug|x64.ActiveCfg = Debug|x64
		{90E160BA-1D19-4DDB-906F-A29975D69F82}.Debug|x64.Build.0 = Debug|x64
		{90E160BA-1D19-4DDB-906F-A29975D69F82}.Release|x64.ActiveCfg = Release|x64
		{90E160BA-1D19-4DDB-906F-A29975D69F82}.Release|x64.Build.0 = Release|x64
		{FC895DA7-3C09-4839-B098-6C4F427622C5}.Debug|x64.ActiveCfg = Debug|x64
		{FC895DA7-3C09-4839-B098-6C4F427622C5}.Debug|x64.Build.0 = Debug|x64
		{FC895DA7-3C09-4839-B098-6C4F427622C5}.Release|x64.ActiveCfg = Release|x64
		{FC895DA7-3C09-4839-B098-6C4F427622C5}.Release|x64.Build.0 = Release|x64
		{608A2F2B-A9FD-43CB-BE5B-9755402AC00B}.Debug|x64.ActiveCfg = Debug|x64
		{608A2F2B-A9FD-43CB-BE5B-9755402AC00B}.Debug|x64.Build.0 = Debug|x64
		{608A2F2B-A9FD-43CB-BE5B-9755402AC00B}.Release|x64.ActiveCfg = Release|x64
		{608A2F2B-A9FD-43CB-BE5B-9755402AC00B}.Release|x64.Build.0 = Release|x64
		{454778BC-5326-428C-B2DC-D63054E44B51}.Debug|x64.ActiveCfg = Debug|x64
		{454778BC-5326-428C-B2DC-D63054E44B51}.Debug|x64.Build.0 = Debug|x64
		{454778BC-5326-428C-B2DC-D63054E44B51}.Release|x64.ActiveCfg = Release|x64
		{454778BC-5326-428C-B2DC-D63054E44B51}.Release|x64.Build.0 = Release|x64
		{37E969A0-04B8-444C-9767-45065A2B231A}.Debug|x64.ActiveCfg = Debug|x64
		{37E969A0-04B8-444C-9767-45065A2B231A}.Debug|x64.Build.0 = Debug|x64
		{37E969A0-04B8-444C-9767-45065A2B231A}.Release|x64.ActiveCfg = Release|x64
		{37E969A0-04B8-444C-9767-45065A2B231A}.Release|x64.Build.0 = Release|x64
	EndGlobalSection
	GlobalSection(SolutionProperties) = preSolution
		HideSolutionNode = FALSE
	EndGlobalSection
	GlobalSection(NestedProjects) = preSolution
		{7F052550-FC9C-4DE1-A5CC-80F5D79E2300} = {83D88243-1F52-42EB-8A53-DE19B8BD1E6E}
		{F7032F7C-180F-468A-AF89-A9158737E2BC} = {83D88243-1F52-42EB-8A53-DE19B8BD1E6E}
		{84031356-14DC-4DE3-B196-AFA174D8707D} = {83D88243-1F52-42EB-8A53-DE19B8BD1E6E}
		{90E160BA-1D19-4DDB-906F-A29975D69F82} = {83D88243-1F52-42EB-8A53-DE19B8BD1E6E}
		{FC895DA7-3C09-4839-B098-6C4F427622C5} = {83D88243-1F52-42EB-8A53-DE19B8BD1E6E}
		{608A2F2B-A9FD-43CB-BE5B-9755402AC00B} = {FF3B36E1-CBBF-4538-9541-4451DB32DE5D}
		{454778BC-5326-428C-B2DC-D63054E44B51} = {FF3B36E1-CBBF-4538-9541-4451DB32DE5D}
		{37E969A0-04B8-444C-9767-45065A2B231A} = {FF3B36E1-CBBF-4538-9541-4451DB32DE5D}
	EndGlobalSection
	GlobalSection(ExtensibilityGlobals) = postSolution
		SolutionGuid = {7518534B-C5FA-474A-9AA7-58EA6C80D9A8}
	EndGlobalSection
EndGlobal
