
Microsoft Visual Studio Solution File, Format Version 12.00
# Visual Studio Version 16
VisualStudioVersion = 16.0.29519.87
MinimumVisualStudioVersion = 10.0.40219.1
Project("{2150E333-8FDC-42A3-9474-1A3956D46DE8}") = "Modules", "Modules", "{83D88243-1F52-42EB-8A53-DE19B8BD1E6E}"
EndProject
Project("{9A19103F-16F7-4668-BE54-9A1E7A4F7556}") = "WebBrowser", "Modules\WebBrowser\WebBrowser.csproj", "{7F052550-FC9C-4DE1-A5CC-80F5D79E2300}"
	ProjectSection(ProjectDependencies) = postProject
		{6519D962-A6DC-4054-98E0-DC73F5F949F3} = {6519D962-A6DC-4054-98E0-DC73F5F949F3}
	EndProjectSection
EndProject
Project("{9A19103F-16F7-4668-BE54-9A1E7A4F7556}") = "Mouse", "Modules\Mouse\Mouse.csproj", "{F7032F7C-180F-468A-AF89-A9158737E2BC}"
	ProjectSection(ProjectDependencies) = postProject
		{6519D962-A6DC-4054-98E0-DC73F5F949F3} = {6519D962-A6DC-4054-98E0-DC73F5F949F3}
	EndProjectSection
EndProject
Project("{9A19103F-16F7-4668-BE54-9A1E7A4F7556}") = "Keyboard", "Modules\Keyboard\Keyboard.csproj", "{84031356-14DC-4DE3-B196-AFA174D8707D}"
	ProjectSection(ProjectDependencies) = postProject
		{6519D962-A6DC-4054-98E0-DC73F5F949F3} = {6519D962-A6DC-4054-98E0-DC73F5F949F3}
	EndProjectSection
EndProject
Project("{9A19103F-16F7-4668-BE54-9A1E7A4F7556}") = "Clipboard", "Modules\Clipboard\Clipboard.csproj", "{90E160BA-1D19-4DDB-906F-A29975D69F82}"
	ProjectSection(ProjectDependencies) = postProject
		{6519D962-A6DC-4054-98E0-DC73F5F949F3} = {6519D962-A6DC-4054-98E0-DC73F5F949F3}
	EndProjectSection
EndProject
Project("{9A19103F-16F7-4668-BE54-9A1E7A4F7556}") = "WindowManagement", "Modules\WindowManagement\WindowManagement.csproj", "{FC895DA7-3C09-4839-B098-6C4F427622C5}"
EndProject
Project("{2150E333-8FDC-42A3-9474-1A3956D46DE8}") = "Core", "Core", "{FF3B36E1-CBBF-4538-9541-4451DB32DE5D}"
EndProject
Project("{9A19103F-16F7-4668-BE54-9A1E7A4F7556}") = "CLI", "Core\CLI\CLI.csproj", "{608A2F2B-A9FD-43CB-BE5B-9755402AC00B}"
EndProject
Project("{9A19103F-16F7-4668-BE54-9A1E7A4F7556}") = "UI", "Core\UI\UI.csproj", "{454778BC-5326-428C-B2DC-D63054E44B51}"
EndProject
Project("{9A19103F-16F7-4668-BE54-9A1E7A4F7556}") = "MORR", "Core\MORR\MORR.csproj", "{37E969A0-04B8-444C-9767-45065A2B231A}"
EndProject
Project("{9A19103F-16F7-4668-BE54-9A1E7A4F7556}") = "Shared", "Common\Shared\Shared.csproj", "{6519D962-A6DC-4054-98E0-DC73F5F949F3}"
EndProject
Project("{2150E333-8FDC-42A3-9474-1A3956D46DE8}") = "Common", "Common", "{328D6815-8419-4C18-AEE8-A22D9C26F912}"
EndProject
Project("{2150E333-8FDC-42A3-9474-1A3956D46DE8}") = "BrowserExtension", "BrowserExtension", "{FFA2938F-0D93-4041-91E4-E95FB9BD795E}"
EndProject
Project("{9092AA53-FB77-4645-B42D-1CCCA6BD08BD}") = "BrowserExtension", "BrowserExtension\BrowserExtension.njsproj", "{DDD1BD72-DD4D-4E85-B750-8B0A2BDB8F0F}"
EndProject
Project("{9A19103F-16F7-4668-BE54-9A1E7A4F7556}") = "CLITest", "Core\CLITest\CLITest.csproj", "{79A238D9-E8C5-4D23-A3D9-50DCB7720DB1}"
EndProject
Project("{9A19103F-16F7-4668-BE54-9A1E7A4F7556}") = "MORRTest", "Core\MORRTest\MORRTest.csproj", "{E15A6C3C-3EE9-4E9A-9B76-0B7F5EBFD50C}"
EndProject
Project("{9A19103F-16F7-4668-BE54-9A1E7A4F7556}") = "UITest", "Core\UITest\UITest.csproj", "{6A03B33C-4C7A-4402-A3F8-380B7157DE63}"
EndProject
Project("{9A19103F-16F7-4668-BE54-9A1E7A4F7556}") = "SharedTest", "Common\SharedTest\SharedTest.csproj", "{D17F838A-AF2F-4649-89A9-E95E48709FAD}"
EndProject
Project("{9A19103F-16F7-4668-BE54-9A1E7A4F7556}") = "KeyboardTest", "Modules\KeyboardTest\KeyboardTest.csproj", "{7BC005CE-0006-4D9F-838E-4D582DB931D3}"
EndProject
Project("{9A19103F-16F7-4668-BE54-9A1E7A4F7556}") = "ClipboardTest", "Modules\ClipboardTest\ClipboardTest.csproj", "{F7A02F7D-D20A-4B59-ABF3-937683188DE7}"
EndProject
Project("{9A19103F-16F7-4668-BE54-9A1E7A4F7556}") = "MouseTest", "Modules\MouseTest\MouseTest.csproj", "{F33539AB-1361-4882-A56A-6ABF6630A239}"
EndProject
Project("{9A19103F-16F7-4668-BE54-9A1E7A4F7556}") = "WebBrowserTest", "Modules\WebBrowserTest\WebBrowserTest.csproj", "{AE4D72DD-49CC-4776-836D-78A5A975557E}"
EndProject
Project("{9A19103F-16F7-4668-BE54-9A1E7A4F7556}") = "WindowManagementTest", "Modules\WindowManagementTest\WindowManagementTest.csproj", "{8250DC63-555B-4396-8906-0348FBA6579C}"
EndProject
Project("{8BC9CEB8-8B4A-11D0-8D11-00A0C91BC942}") = "HookLibrary", "Common\HookLibrary\HookLibrary.vcxproj", "{6467C26D-A84F-4347-BC7E-E011BB932117}"
EndProject
Global
	GlobalSection(SolutionConfigurationPlatforms) = preSolution
		Debug|x64 = Debug|x64
		Debug|x86 = Debug|x86
		Release|x64 = Release|x64
		Release|x86 = Release|x86
	EndGlobalSection
	GlobalSection(ProjectConfigurationPlatforms) = postSolution
		{7F052550-FC9C-4DE1-A5CC-80F5D79E2300}.Debug|x64.ActiveCfg = Debug|x64
		{7F052550-FC9C-4DE1-A5CC-80F5D79E2300}.Debug|x64.Build.0 = Debug|x64
		{7F052550-FC9C-4DE1-A5CC-80F5D79E2300}.Debug|x86.ActiveCfg = Debug|x64
		{7F052550-FC9C-4DE1-A5CC-80F5D79E2300}.Release|x64.ActiveCfg = Release|x64
		{7F052550-FC9C-4DE1-A5CC-80F5D79E2300}.Release|x64.Build.0 = Release|x64
		{7F052550-FC9C-4DE1-A5CC-80F5D79E2300}.Release|x86.ActiveCfg = Release|x64
		{F7032F7C-180F-468A-AF89-A9158737E2BC}.Debug|x64.ActiveCfg = Debug|x64
		{F7032F7C-180F-468A-AF89-A9158737E2BC}.Debug|x64.Build.0 = Debug|x64
		{F7032F7C-180F-468A-AF89-A9158737E2BC}.Debug|x86.ActiveCfg = Debug|x64
		{F7032F7C-180F-468A-AF89-A9158737E2BC}.Release|x64.ActiveCfg = Release|x64
		{F7032F7C-180F-468A-AF89-A9158737E2BC}.Release|x64.Build.0 = Release|x64
		{F7032F7C-180F-468A-AF89-A9158737E2BC}.Release|x86.ActiveCfg = Release|x64
		{84031356-14DC-4DE3-B196-AFA174D8707D}.Debug|x64.ActiveCfg = Debug|x64
		{84031356-14DC-4DE3-B196-AFA174D8707D}.Debug|x64.Build.0 = Debug|x64
		{84031356-14DC-4DE3-B196-AFA174D8707D}.Debug|x86.ActiveCfg = Debug|x64
		{84031356-14DC-4DE3-B196-AFA174D8707D}.Release|x64.ActiveCfg = Release|x64
		{84031356-14DC-4DE3-B196-AFA174D8707D}.Release|x64.Build.0 = Release|x64
		{84031356-14DC-4DE3-B196-AFA174D8707D}.Release|x86.ActiveCfg = Release|x64
		{90E160BA-1D19-4DDB-906F-A29975D69F82}.Debug|x64.ActiveCfg = Debug|x64
		{90E160BA-1D19-4DDB-906F-A29975D69F82}.Debug|x64.Build.0 = Debug|x64
		{90E160BA-1D19-4DDB-906F-A29975D69F82}.Debug|x86.ActiveCfg = Debug|x64
		{90E160BA-1D19-4DDB-906F-A29975D69F82}.Release|x64.ActiveCfg = Release|x64
		{90E160BA-1D19-4DDB-906F-A29975D69F82}.Release|x64.Build.0 = Release|x64
		{90E160BA-1D19-4DDB-906F-A29975D69F82}.Release|x86.ActiveCfg = Release|x64
		{FC895DA7-3C09-4839-B098-6C4F427622C5}.Debug|x64.ActiveCfg = Debug|x64
		{FC895DA7-3C09-4839-B098-6C4F427622C5}.Debug|x64.Build.0 = Debug|x64
		{FC895DA7-3C09-4839-B098-6C4F427622C5}.Debug|x86.ActiveCfg = Debug|x64
		{FC895DA7-3C09-4839-B098-6C4F427622C5}.Release|x64.ActiveCfg = Release|x64
		{FC895DA7-3C09-4839-B098-6C4F427622C5}.Release|x64.Build.0 = Release|x64
		{FC895DA7-3C09-4839-B098-6C4F427622C5}.Release|x86.ActiveCfg = Release|x64
		{608A2F2B-A9FD-43CB-BE5B-9755402AC00B}.Debug|x64.ActiveCfg = Debug|x64
		{608A2F2B-A9FD-43CB-BE5B-9755402AC00B}.Debug|x64.Build.0 = Debug|x64
		{608A2F2B-A9FD-43CB-BE5B-9755402AC00B}.Debug|x86.ActiveCfg = Debug|x64
		{608A2F2B-A9FD-43CB-BE5B-9755402AC00B}.Release|x64.ActiveCfg = Release|x64
		{608A2F2B-A9FD-43CB-BE5B-9755402AC00B}.Release|x64.Build.0 = Release|x64
		{608A2F2B-A9FD-43CB-BE5B-9755402AC00B}.Release|x86.ActiveCfg = Release|x64
		{454778BC-5326-428C-B2DC-D63054E44B51}.Debug|x64.ActiveCfg = Debug|x64
		{454778BC-5326-428C-B2DC-D63054E44B51}.Debug|x64.Build.0 = Debug|x64
		{454778BC-5326-428C-B2DC-D63054E44B51}.Debug|x86.ActiveCfg = Debug|x64
		{454778BC-5326-428C-B2DC-D63054E44B51}.Release|x64.ActiveCfg = Release|x64
		{454778BC-5326-428C-B2DC-D63054E44B51}.Release|x64.Build.0 = Release|x64
		{454778BC-5326-428C-B2DC-D63054E44B51}.Release|x86.ActiveCfg = Release|x64
		{37E969A0-04B8-444C-9767-45065A2B231A}.Debug|x64.ActiveCfg = Debug|x64
		{37E969A0-04B8-444C-9767-45065A2B231A}.Debug|x64.Build.0 = Debug|x64
		{37E969A0-04B8-444C-9767-45065A2B231A}.Debug|x86.ActiveCfg = Debug|x64
		{37E969A0-04B8-444C-9767-45065A2B231A}.Release|x64.ActiveCfg = Release|x64
		{37E969A0-04B8-444C-9767-45065A2B231A}.Release|x64.Build.0 = Release|x64
		{37E969A0-04B8-444C-9767-45065A2B231A}.Release|x86.ActiveCfg = Release|x64
		{6519D962-A6DC-4054-98E0-DC73F5F949F3}.Debug|x64.ActiveCfg = Debug|x64
		{6519D962-A6DC-4054-98E0-DC73F5F949F3}.Debug|x64.Build.0 = Debug|x64
		{6519D962-A6DC-4054-98E0-DC73F5F949F3}.Debug|x86.ActiveCfg = Debug|x64
		{6519D962-A6DC-4054-98E0-DC73F5F949F3}.Release|x64.ActiveCfg = Release|x64
		{6519D962-A6DC-4054-98E0-DC73F5F949F3}.Release|x64.Build.0 = Release|x64
		{6519D962-A6DC-4054-98E0-DC73F5F949F3}.Release|x86.ActiveCfg = Release|x64
		{DDD1BD72-DD4D-4E85-B750-8B0A2BDB8F0F}.Debug|x64.ActiveCfg = Debug|Any CPU
		{DDD1BD72-DD4D-4E85-B750-8B0A2BDB8F0F}.Debug|x86.ActiveCfg = Debug|Any CPU
		{DDD1BD72-DD4D-4E85-B750-8B0A2BDB8F0F}.Debug|x86.Build.0 = Debug|Any CPU
		{DDD1BD72-DD4D-4E85-B750-8B0A2BDB8F0F}.Release|x64.ActiveCfg = Release|Any CPU
		{DDD1BD72-DD4D-4E85-B750-8B0A2BDB8F0F}.Release|x64.Build.0 = Release|Any CPU
		{DDD1BD72-DD4D-4E85-B750-8B0A2BDB8F0F}.Release|x86.ActiveCfg = Release|Any CPU
		{DDD1BD72-DD4D-4E85-B750-8B0A2BDB8F0F}.Release|x86.Build.0 = Release|Any CPU
		{79A238D9-E8C5-4D23-A3D9-50DCB7720DB1}.Debug|x64.ActiveCfg = Debug|x64
		{79A238D9-E8C5-4D23-A3D9-50DCB7720DB1}.Debug|x64.Build.0 = Debug|x64
		{79A238D9-E8C5-4D23-A3D9-50DCB7720DB1}.Debug|x86.ActiveCfg = Debug|x64
		{79A238D9-E8C5-4D23-A3D9-50DCB7720DB1}.Release|x64.ActiveCfg = Release|x64
		{79A238D9-E8C5-4D23-A3D9-50DCB7720DB1}.Release|x64.Build.0 = Release|x64
		{79A238D9-E8C5-4D23-A3D9-50DCB7720DB1}.Release|x86.ActiveCfg = Release|x64
		{E15A6C3C-3EE9-4E9A-9B76-0B7F5EBFD50C}.Debug|x64.ActiveCfg = Debug|x64
		{E15A6C3C-3EE9-4E9A-9B76-0B7F5EBFD50C}.Debug|x64.Build.0 = Debug|x64
		{E15A6C3C-3EE9-4E9A-9B76-0B7F5EBFD50C}.Debug|x86.ActiveCfg = Debug|x64
		{E15A6C3C-3EE9-4E9A-9B76-0B7F5EBFD50C}.Release|x64.ActiveCfg = Release|x64
		{E15A6C3C-3EE9-4E9A-9B76-0B7F5EBFD50C}.Release|x64.Build.0 = Release|x64
		{E15A6C3C-3EE9-4E9A-9B76-0B7F5EBFD50C}.Release|x86.ActiveCfg = Release|x64
		{6A03B33C-4C7A-4402-A3F8-380B7157DE63}.Debug|x64.ActiveCfg = Debug|x64
		{6A03B33C-4C7A-4402-A3F8-380B7157DE63}.Debug|x64.Build.0 = Debug|x64
		{6A03B33C-4C7A-4402-A3F8-380B7157DE63}.Debug|x86.ActiveCfg = Debug|x64
		{6A03B33C-4C7A-4402-A3F8-380B7157DE63}.Release|x64.ActiveCfg = Release|x64
		{6A03B33C-4C7A-4402-A3F8-380B7157DE63}.Release|x64.Build.0 = Release|x64
		{6A03B33C-4C7A-4402-A3F8-380B7157DE63}.Release|x86.ActiveCfg = Release|x64
		{D17F838A-AF2F-4649-89A9-E95E48709FAD}.Debug|x64.ActiveCfg = Debug|x64
		{D17F838A-AF2F-4649-89A9-E95E48709FAD}.Debug|x64.Build.0 = Debug|x64
		{D17F838A-AF2F-4649-89A9-E95E48709FAD}.Debug|x86.ActiveCfg = Debug|x64
		{D17F838A-AF2F-4649-89A9-E95E48709FAD}.Release|x64.ActiveCfg = Release|x64
		{D17F838A-AF2F-4649-89A9-E95E48709FAD}.Release|x64.Build.0 = Release|x64
		{D17F838A-AF2F-4649-89A9-E95E48709FAD}.Release|x86.ActiveCfg = Release|x64
		{7BC005CE-0006-4D9F-838E-4D582DB931D3}.Debug|x64.ActiveCfg = Debug|x64
		{7BC005CE-0006-4D9F-838E-4D582DB931D3}.Debug|x64.Build.0 = Debug|x64
		{7BC005CE-0006-4D9F-838E-4D582DB931D3}.Debug|x86.ActiveCfg = Debug|x64
		{7BC005CE-0006-4D9F-838E-4D582DB931D3}.Release|x64.ActiveCfg = Release|x64
		{7BC005CE-0006-4D9F-838E-4D582DB931D3}.Release|x64.Build.0 = Release|x64
		{7BC005CE-0006-4D9F-838E-4D582DB931D3}.Release|x86.ActiveCfg = Release|x64
		{F7A02F7D-D20A-4B59-ABF3-937683188DE7}.Debug|x64.ActiveCfg = Debug|x64
		{F7A02F7D-D20A-4B59-ABF3-937683188DE7}.Debug|x64.Build.0 = Debug|x64
		{F7A02F7D-D20A-4B59-ABF3-937683188DE7}.Debug|x86.ActiveCfg = Debug|x64
		{F7A02F7D-D20A-4B59-ABF3-937683188DE7}.Release|x64.ActiveCfg = Release|x64
		{F7A02F7D-D20A-4B59-ABF3-937683188DE7}.Release|x64.Build.0 = Release|x64
		{F7A02F7D-D20A-4B59-ABF3-937683188DE7}.Release|x86.ActiveCfg = Release|x64
		{F33539AB-1361-4882-A56A-6ABF6630A239}.Debug|x64.ActiveCfg = Debug|x64
		{F33539AB-1361-4882-A56A-6ABF6630A239}.Debug|x64.Build.0 = Debug|x64
		{F33539AB-1361-4882-A56A-6ABF6630A239}.Debug|x86.ActiveCfg = Debug|x64
		{F33539AB-1361-4882-A56A-6ABF6630A239}.Release|x64.ActiveCfg = Release|x64
		{F33539AB-1361-4882-A56A-6ABF6630A239}.Release|x64.Build.0 = Release|x64
		{F33539AB-1361-4882-A56A-6ABF6630A239}.Release|x86.ActiveCfg = Release|x64
		{AE4D72DD-49CC-4776-836D-78A5A975557E}.Debug|x64.ActiveCfg = Debug|x64
		{AE4D72DD-49CC-4776-836D-78A5A975557E}.Debug|x64.Build.0 = Debug|x64
		{AE4D72DD-49CC-4776-836D-78A5A975557E}.Debug|x86.ActiveCfg = Debug|x64
		{AE4D72DD-49CC-4776-836D-78A5A975557E}.Release|x64.ActiveCfg = Release|x64
		{AE4D72DD-49CC-4776-836D-78A5A975557E}.Release|x64.Build.0 = Release|x64
		{AE4D72DD-49CC-4776-836D-78A5A975557E}.Release|x86.ActiveCfg = Release|x64
		{8250DC63-555B-4396-8906-0348FBA6579C}.Debug|x64.ActiveCfg = Debug|x64
		{8250DC63-555B-4396-8906-0348FBA6579C}.Debug|x64.Build.0 = Debug|x64
		{8250DC63-555B-4396-8906-0348FBA6579C}.Debug|x86.ActiveCfg = Debug|x64
		{8250DC63-555B-4396-8906-0348FBA6579C}.Release|x64.ActiveCfg = Release|x64
		{8250DC63-555B-4396-8906-0348FBA6579C}.Release|x64.Build.0 = Release|x64
		{8250DC63-555B-4396-8906-0348FBA6579C}.Release|x86.ActiveCfg = Release|x64
		{6467C26D-A84F-4347-BC7E-E011BB932117}.Debug|x64.ActiveCfg = Debug|x64
		{6467C26D-A84F-4347-BC7E-E011BB932117}.Debug|x64.Build.0 = Debug|x64
		{6467C26D-A84F-4347-BC7E-E011BB932117}.Debug|x86.ActiveCfg = Debug|Win32
		{6467C26D-A84F-4347-BC7E-E011BB932117}.Debug|x86.Build.0 = Debug|Win32
		{6467C26D-A84F-4347-BC7E-E011BB932117}.Release|x64.ActiveCfg = Release|x64
		{6467C26D-A84F-4347-BC7E-E011BB932117}.Release|x64.Build.0 = Release|x64
		{6467C26D-A84F-4347-BC7E-E011BB932117}.Release|x86.ActiveCfg = Release|Win32
		{6467C26D-A84F-4347-BC7E-E011BB932117}.Release|x86.Build.0 = Release|Win32
	EndGlobalSection
	GlobalSection(SolutionProperties) = preSolution
		HideSolutionNode = FALSE
	EndGlobalSection
	GlobalSection(NestedProjects) = preSolution
		{7F052550-FC9C-4DE1-A5CC-80F5D79E2300} = {83D88243-1F52-42EB-8A53-DE19B8BD1E6E}
		{F7032F7C-180F-468A-AF89-A9158737E2BC} = {83D88243-1F52-42EB-8A53-DE19B8BD1E6E}
		{84031356-14DC-4DE3-B196-AFA174D8707D} = {83D88243-1F52-42EB-8A53-DE19B8BD1E6E}
		{90E160BA-1D19-4DDB-906F-A29975D69F82} = {83D88243-1F52-42EB-8A53-DE19B8BD1E6E}
		{FC895DA7-3C09-4839-B098-6C4F427622C5} = {83D88243-1F52-42EB-8A53-DE19B8BD1E6E}
		{608A2F2B-A9FD-43CB-BE5B-9755402AC00B} = {FF3B36E1-CBBF-4538-9541-4451DB32DE5D}
		{454778BC-5326-428C-B2DC-D63054E44B51} = {FF3B36E1-CBBF-4538-9541-4451DB32DE5D}
		{37E969A0-04B8-444C-9767-45065A2B231A} = {FF3B36E1-CBBF-4538-9541-4451DB32DE5D}
		{6519D962-A6DC-4054-98E0-DC73F5F949F3} = {328D6815-8419-4C18-AEE8-A22D9C26F912}
		{DDD1BD72-DD4D-4E85-B750-8B0A2BDB8F0F} = {FFA2938F-0D93-4041-91E4-E95FB9BD795E}
		{79A238D9-E8C5-4D23-A3D9-50DCB7720DB1} = {FF3B36E1-CBBF-4538-9541-4451DB32DE5D}
		{E15A6C3C-3EE9-4E9A-9B76-0B7F5EBFD50C} = {FF3B36E1-CBBF-4538-9541-4451DB32DE5D}
		{6A03B33C-4C7A-4402-A3F8-380B7157DE63} = {FF3B36E1-CBBF-4538-9541-4451DB32DE5D}
		{D17F838A-AF2F-4649-89A9-E95E48709FAD} = {328D6815-8419-4C18-AEE8-A22D9C26F912}
		{7BC005CE-0006-4D9F-838E-4D582DB931D3} = {83D88243-1F52-42EB-8A53-DE19B8BD1E6E}
		{F7A02F7D-D20A-4B59-ABF3-937683188DE7} = {83D88243-1F52-42EB-8A53-DE19B8BD1E6E}
		{F33539AB-1361-4882-A56A-6ABF6630A239} = {83D88243-1F52-42EB-8A53-DE19B8BD1E6E}
		{AE4D72DD-49CC-4776-836D-78A5A975557E} = {83D88243-1F52-42EB-8A53-DE19B8BD1E6E}
		{8250DC63-555B-4396-8906-0348FBA6579C} = {83D88243-1F52-42EB-8A53-DE19B8BD1E6E}
		{6467C26D-A84F-4347-BC7E-E011BB932117} = {328D6815-8419-4C18-AEE8-A22D9C26F912}
	EndGlobalSection
	GlobalSection(ExtensibilityGlobals) = postSolution
		SolutionGuid = {7518534B-C5FA-474A-9AA7-58EA6C80D9A8}
	EndGlobalSection
EndGlobal
